
Microsoft Visual Studio Solution File, Format Version 12.00
# Visual Studio Version 17
VisualStudioVersion = 17.6.33815.320
MinimumVisualStudioVersion = 10.0.40219.1
Project("{9A19103F-16F7-4668-BE54-9A1E7A4F7556}") = "myWebApp", "myWebApp.csproj", "{1B392EED-DCD9-4A72-A754-7EE1E527BDCF}"
EndProject
Global
	GlobalSection(SolutionConfigurationPlatforms) = preSolution
		Debug|Any CPU = Debug|Any CPU
		Release|Any CPU = Release|Any CPU
	EndGlobalSection
	GlobalSection(ProjectConfigurationPlatforms) = postSolution
		{1B392EED-DCD9-4A72-A754-7EE1E527BDCF}.Debug|Any CPU.ActiveCfg = Debug|Any CPU
		{1B392EED-DCD9-4A72-A754-7EE1E527BDCF}.Debug|Any CPU.Build.0 = Debug|Any CPU
		{1B392EED-DCD9-4A72-A754-7EE1E527BDCF}.Release|Any CPU.ActiveCfg = Release|Any CPU
		{1B392EED-DCD9-4A72-A754-7EE1E527BDCF}.Release|Any CPU.Build.0 = Release|Any CPU
	EndGlobalSection
	GlobalSection(SolutionProperties) = preSolution
		HideSolutionNode = FALSE
	EndGlobalSection
	GlobalSection(ExtensibilityGlobals) = postSolution
		SolutionGuid = {E6BC544E-1AA4-44FD-91FC-3704C98E4D32}
	EndGlobalSection
EndGlobal
